// !$*UTF8*$!
{
	archiveVersion = 1;
	classes = {
	};
	objectVersion = 50;
	objects = {

/* Begin PBXBuildFile section */
		71451D6222D422B500C11DDB /* BViewController.swift in Sources */ = {isa = PBXBuildFile; fileRef = 71451D6122D422B500C11DDB /* BViewController.swift */; };
		71451D6422D422D700C11DDB /* AViewController.swift in Sources */ = {isa = PBXBuildFile; fileRef = 71451D6322D422D700C11DDB /* AViewController.swift */; };
		71BF97FB22D1BD6D006EC199 /* AppDelegate.swift in Sources */ = {isa = PBXBuildFile; fileRef = 71BF97FA22D1BD6D006EC199 /* AppDelegate.swift */; };
		71BF97FD22D1BD6D006EC199 /* ViewController.swift in Sources */ = {isa = PBXBuildFile; fileRef = 71BF97FC22D1BD6D006EC199 /* ViewController.swift */; };
		71BF980022D1BD6D006EC199 /* Main.storyboard in Resources */ = {isa = PBXBuildFile; fileRef = 71BF97FE22D1BD6D006EC199 /* Main.storyboard */; };
		71BF980222D1BD70006EC199 /* Assets.xcassets in Resources */ = {isa = PBXBuildFile; fileRef = 71BF980122D1BD70006EC199 /* Assets.xcassets */; };
		71BF980522D1BD70006EC199 /* LaunchScreen.storyboard in Resources */ = {isa = PBXBuildFile; fileRef = 71BF980322D1BD70006EC199 /* LaunchScreen.storyboard */; };
		71BF981022D1BD70006EC199 /* class002Tests.swift in Sources */ = {isa = PBXBuildFile; fileRef = 71BF980F22D1BD70006EC199 /* class002Tests.swift */; };
/* End PBXBuildFile section */

/* Begin PBXContainerItemProxy section */
		71BF980C22D1BD70006EC199 /* PBXContainerItemProxy */ = {
			isa = PBXContainerItemProxy;
			containerPortal = 71BF97EF22D1BD6D006EC199 /* Project object */;
			proxyType = 1;
			remoteGlobalIDString = 71BF97F622D1BD6D006EC199;
			remoteInfo = class002;
		};
/* End PBXContainerItemProxy section */

/* Begin PBXFileReference section */
		71451D6122D422B500C11DDB /* BViewController.swift */ = {isa = PBXFileReference; lastKnownFileType = sourcecode.swift; path = BViewController.swift; sourceTree = "<group>"; };
		71451D6322D422D700C11DDB /* AViewController.swift */ = {isa = PBXFileReference; lastKnownFileType = sourcecode.swift; path = AViewController.swift; sourceTree = "<group>"; };
		71BF97F722D1BD6D006EC199 /* class002.app */ = {isa = PBXFileReference; explicitFileType = wrapper.application; includeInIndex = 0; path = class002.app; sourceTree = BUILT_PRODUCTS_DIR; };
		71BF97FA22D1BD6D006EC199 /* AppDelegate.swift */ = {isa = PBXFileReference; lastKnownFileType = sourcecode.swift; path = AppDelegate.swift; sourceTree = "<group>"; };
		71BF97FC22D1BD6D006EC199 /* ViewController.swift */ = {isa = PBXFileReference; lastKnownFileType = sourcecode.swift; path = ViewController.swift; sourceTree = "<group>"; };
		71BF97FF22D1BD6D006EC199 /* Base */ = {isa = PBXFileReference; lastKnownFileType = file.storyboard; name = Base; path = Base.lproj/Main.storyboard; sourceTree = "<group>"; };
		71BF980122D1BD70006EC199 /* Assets.xcassets */ = {isa = PBXFileReference; lastKnownFileType = folder.assetcatalog; path = Assets.xcassets; sourceTree = "<group>"; };
		71BF980422D1BD70006EC199 /* Base */ = {isa = PBXFileReference; lastKnownFileType = file.storyboard; name = Base; path = Base.lproj/LaunchScreen.storyboard; sourceTree = "<group>"; };
		71BF980622D1BD70006EC199 /* Info.plist */ = {isa = PBXFileReference; lastKnownFileType = text.plist.xml; path = Info.plist; sourceTree = "<group>"; };
		71BF980B22D1BD70006EC199 /* class002Tests.xctest */ = {isa = PBXFileReference; explicitFileType = wrapper.cfbundle; includeInIndex = 0; path = class002Tests.xctest; sourceTree = BUILT_PRODUCTS_DIR; };
		71BF980F22D1BD70006EC199 /* class002Tests.swift */ = {isa = PBXFileReference; lastKnownFileType = sourcecode.swift; path = class002Tests.swift; sourceTree = "<group>"; };
		71BF981122D1BD70006EC199 /* Info.plist */ = {isa = PBXFileReference; lastKnownFileType = text.plist.xml; path = Info.plist; sourceTree = "<group>"; };
/* End PBXFileReference section */

/* Begin PBXFrameworksBuildPhase section */
		71BF97F422D1BD6D006EC199 /* Frameworks */ = {
			isa = PBXFrameworksBuildPhase;
			buildActionMask = 2147483647;
			files = (
			);
			runOnlyForDeploymentPostprocessing = 0;
		};
		71BF980822D1BD70006EC199 /* Frameworks */ = {
			isa = PBXFrameworksBuildPhase;
			buildActionMask = 2147483647;
			files = (
			);
			runOnlyForDeploymentPostprocessing = 0;
		};
/* End PBXFrameworksBuildPhase section */

/* Begin PBXGroup section */
		71BF97EE22D1BD6D006EC199 = {
			isa = PBXGroup;
			children = (
				71BF97F922D1BD6D006EC199 /* class002 */,
				71BF980E22D1BD70006EC199 /* class002Tests */,
				71BF97F822D1BD6D006EC199 /* Products */,
			);
			sourceTree = "<group>";
		};
		71BF97F822D1BD6D006EC199 /* Products */ = {
			isa = PBXGroup;
			children = (
				71BF97F722D1BD6D006EC199 /* class002.app */,
				71BF980B22D1BD70006EC199 /* class002Tests.xctest */,
			);
			name = Products;
			sourceTree = "<group>";
		};
		71BF97F922D1BD6D006EC199 /* class002 */ = {
			isa = PBXGroup;
			children = (
				71BF97FA22D1BD6D006EC199 /* AppDelegate.swift */,
				71BF97FC22D1BD6D006EC199 /* ViewController.swift */,
				71BF97FE22D1BD6D006EC199 /* Main.storyboard */,
				71BF980122D1BD70006EC199 /* Assets.xcassets */,
				71BF980322D1BD70006EC199 /* LaunchScreen.storyboard */,
				71BF980622D1BD70006EC199 /* Info.plist */,
				71451D6322D422D700C11DDB /* AViewController.swift */,
				71451D6122D422B500C11DDB /* BViewController.swift */,
			);
			path = class002;
			sourceTree = "<group>";
		};
		71BF980E22D1BD70006EC199 /* class002Tests */ = {
			isa = PBXGroup;
			children = (
				71BF980F22D1BD70006EC199 /* class002Tests.swift */,
				71BF981122D1BD70006EC199 /* Info.plist */,
			);
			path = class002Tests;
			sourceTree = "<group>";
		};
/* End PBXGroup section */

/* Begin PBXNativeTarget section */
		71BF97F622D1BD6D006EC199 /* class002 */ = {
			isa = PBXNativeTarget;
			buildConfigurationList = 71BF981422D1BD70006EC199 /* Build configuration list for PBXNativeTarget "class002" */;
			buildPhases = (
				71BF97F322D1BD6D006EC199 /* Sources */,
				71BF97F422D1BD6D006EC199 /* Frameworks */,
				71BF97F522D1BD6D006EC199 /* Resources */,
			);
			buildRules = (
			);
			dependencies = (
			);
			name = class002;
			productName = class002;
			productReference = 71BF97F722D1BD6D006EC199 /* class002.app */;
			productType = "com.apple.product-type.application";
		};
		71BF980A22D1BD70006EC199 /* class002Tests */ = {
			isa = PBXNativeTarget;
			buildConfigurationList = 71BF981722D1BD70006EC199 /* Build configuration list for PBXNativeTarget "class002Tests" */;
			buildPhases = (
				71BF980722D1BD70006EC199 /* Sources */,
				71BF980822D1BD70006EC199 /* Frameworks */,
				71BF980922D1BD70006EC199 /* Resources */,
			);
			buildRules = (
			);
			dependencies = (
				71BF980D22D1BD70006EC199 /* PBXTargetDependency */,
			);
			name = class002Tests;
			productName = class002Tests;
			productReference = 71BF980B22D1BD70006EC199 /* class002Tests.xctest */;
			productType = "com.apple.product-type.bundle.unit-test";
		};
/* End PBXNativeTarget section */

/* Begin PBXProject section */
		71BF97EF22D1BD6D006EC199 /* Project object */ = {
			isa = PBXProject;
			attributes = {
				LastSwiftUpdateCheck = 1020;
				LastUpgradeCheck = 1020;
				ORGANIZATIONNAME = "苹果工坊com.yang";
				TargetAttributes = {
					71BF97F622D1BD6D006EC199 = {
						CreatedOnToolsVersion = 10.2.1;
					};
					71BF980A22D1BD70006EC199 = {
						CreatedOnToolsVersion = 10.2.1;
						TestTargetID = 71BF97F622D1BD6D006EC199;
					};
				};
			};
			buildConfigurationList = 71BF97F222D1BD6D006EC199 /* Build configuration list for PBXProject "class002" */;
			compatibilityVersion = "Xcode 9.3";
			developmentRegion = en;
			hasScannedForEncodings = 0;
			knownRegions = (
				en,
				Base,
			);
			mainGroup = 71BF97EE22D1BD6D006EC199;
			productRefGroup = 71BF97F822D1BD6D006EC199 /* Products */;
			projectDirPath = "";
			projectRoot = "";
			targets = (
				71BF97F622D1BD6D006EC199 /* class002 */,
				71BF980A22D1BD70006EC199 /* class002Tests */,
			);
		};
/* End PBXProject section */

/* Begin PBXResourcesBuildPhase section */
		71BF97F522D1BD6D006EC199 /* Resources */ = {
			isa = PBXResourcesBuildPhase;
			buildActionMask = 2147483647;
			files = (
				71BF980522D1BD70006EC199 /* LaunchScreen.storyboard in Resources */,
				71BF980222D1BD70006EC199 /* Assets.xcassets in Resources */,
				71BF980022D1BD6D006EC199 /* Main.storyboard in Resources */,
			);
			runOnlyForDeploymentPostprocessing = 0;
		};
		71BF980922D1BD70006EC199 /* Resources */ = {
			isa = PBXResourcesBuildPhase;
			buildActionMask = 2147483647;
			files = (
			);
			runOnlyForDeploymentPostprocessing = 0;
		};
/* End PBXResourcesBuildPhase section */

/* Begin PBXSourcesBuildPhase section */
		71BF97F322D1BD6D006EC199 /* Sources */ = {
			isa = PBXSourcesBuildPhase;
			buildActionMask = 2147483647;
			files = (
				71451D6422D422D700C11DDB /* AViewController.swift in Sources */,
				71BF97FD22D1BD6D006EC199 /* ViewController.swift in Sources */,
				71451D6222D422B500C11DDB /* BViewController.swift in Sources */,
				71BF97FB22D1BD6D006EC199 /* AppDelegate.swift in Sources */,
			);
			runOnlyForDeploymentPostprocessing = 0;
		};
		71BF980722D1BD70006EC199 /* Sources */ = {
			isa = PBXSourcesBuildPhase;
			buildActionMask = 2147483647;
			files = (
				71BF981022D1BD70006EC199 /* class002Tests.swift in Sources */,
			);
			runOnlyForDeploymentPostprocessing = 0;
		};
/* End PBXSourcesBuildPhase section */

/* Begin PBXTargetDependency section */
		71BF980D22D1BD70006EC199 /* PBXTargetDependency */ = {
			isa = PBXTargetDependency;
			target = 71BF97F622D1BD6D006EC199 /* class002 */;
			targetProxy = 71BF980C22D1BD70006EC199 /* PBXContainerItemProxy */;
		};
/* End PBXTargetDependency section */

/* Begin PBXVariantGroup section */
		71BF97FE22D1BD6D006EC199 /* Main.storyboard */ = {
			isa = PBXVariantGroup;
			children = (
				71BF97FF22D1BD6D006EC199 /* Base */,
			);
			name = Main.storyboard;
			sourceTree = "<group>";
		};
		71BF980322D1BD70006EC199 /* LaunchScreen.storyboard */ = {
			isa = PBXVariantGroup;
			children = (
				71BF980422D1BD70006EC199 /* Base */,
			);
			name = LaunchScreen.storyboard;
			sourceTree = "<group>";
		};
/* End PBXVariantGroup section */

/* Begin XCBuildConfiguration section */
		71BF981222D1BD70006EC199 /* Debug */ = {
			isa = XCBuildConfiguration;
			buildSettings = {
				ALWAYS_SEARCH_USER_PATHS = NO;
				CLANG_ANALYZER_NONNULL = YES;
				CLANG_ANALYZER_NUMBER_OBJECT_CONVERSION = YES_AGGRESSIVE;
				CLANG_CXX_LANGUAGE_STANDARD = "gnu++14";
				CLANG_CXX_LIBRARY = "libc++";
				CLANG_ENABLE_MODULES = YES;
				CLANG_ENABLE_OBJC_ARC = YES;
				CLANG_ENABLE_OBJC_WEAK = YES;
				CLANG_WARN_BLOCK_CAPTURE_AUTORELEASING = YES;
				CLANG_WARN_BOOL_CONVERSION = YES;
				CLANG_WARN_COMMA = YES;
				CLANG_WARN_CONSTANT_CONVERSION = YES;
				CLANG_WARN_DEPRECATED_OBJC_IMPLEMENTATIONS = YES;
				CLANG_WARN_DIRECT_OBJC_ISA_USAGE = YES_ERROR;
				CLANG_WARN_DOCUMENTATION_COMMENTS = YES;
				CLANG_WARN_EMPTY_BODY = YES;
				CLANG_WARN_ENUM_CONVERSION = YES;
				CLANG_WARN_INFINITE_RECURSION = YES;
				CLANG_WARN_INT_CONVERSION = YES;
				CLANG_WARN_NON_LITERAL_NULL_CONVERSION = YES;
				CLANG_WARN_OBJC_IMPLICIT_RETAIN_SELF = YES;
				CLANG_WARN_OBJC_LITERAL_CONVERSION = YES;
				CLANG_WARN_OBJC_ROOT_CLASS = YES_ERROR;
				CLANG_WARN_RANGE_LOOP_ANALYSIS = YES;
				CLANG_WARN_STRICT_PROTOTYPES = YES;
				CLANG_WARN_SUSPICIOUS_MOVE = YES;
				CLANG_WARN_UNGUARDED_AVAILABILITY = YES_AGGRESSIVE;
				CLANG_WARN_UNREACHABLE_CODE = YES;
				CLANG_WARN__DUPLICATE_METHOD_MATCH = YES;
				CODE_SIGN_IDENTITY = "iPhone Developer";
				COPY_PHASE_STRIP = NO;
				DEBUG_INFORMATION_FORMAT = dwarf;
				ENABLE_STRICT_OBJC_MSGSEND = YES;
				ENABLE_TESTABILITY = YES;
				GCC_C_LANGUAGE_STANDARD = gnu11;
				GCC_DYNAMIC_NO_PIC = NO;
				GCC_NO_COMMON_BLOCKS = YES;
				GCC_OPTIMIZATION_LEVEL = 0;
				GCC_PREPROCESSOR_DEFINITIONS = (
					"DEBUG=1",
					"$(inherited)",
				);
				GCC_WARN_64_TO_32_BIT_CONVERSION = YES;
				GCC_WARN_ABOUT_RETURN_TYPE = YES_ERROR;
				GCC_WARN_UNDECLARED_SELECTOR = YES;
				GCC_WARN_UNINITIALIZED_AUTOS = YES_AGGRESSIVE;
				GCC_WARN_UNUSED_FUNCTION = YES;
				GCC_WARN_UNUSED_VARIABLE = YES;
				IPHONEOS_DEPLOYMENT_TARGET = 12.2;
				MTL_ENABLE_DEBUG_INFO = INCLUDE_SOURCE;
				MTL_FAST_MATH = YES;
				ONLY_ACTIVE_ARCH = YES;
				SDKROOT = iphoneos;
				SWIFT_ACTIVE_COMPILATION_CONDITIONS = DEBUG;
				SWIFT_OPTIMIZATION_LEVEL = "-Onone";
			};
			name = Debug;
		};
		71BF981322D1BD70006EC199 /* Release */ = {
			isa = XCBuildConfiguration;
			buildSettings = {
				ALWAYS_SEARCH_USER_PATHS = NO;
				CLANG_ANALYZER_NONNULL = YES;
				CLANG_ANALYZER_NUMBER_OBJECT_CONVERSION = YES_AGGRESSIVE;
				CLANG_CXX_LANGUAGE_STANDARD = "gnu++14";
				CLANG_CXX_LIBRARY = "libc++";
				CLANG_ENABLE_MODULES = YES;
				CLANG_ENABLE_OBJC_ARC = YES;
				CLANG_ENABLE_OBJC_WEAK = YES;
				CLANG_WARN_BLOCK_CAPTURE_AUTORELEASING = YES;
				CLANG_WARN_BOOL_CONVERSION = YES;
				CLANG_WARN_COMMA = YES;
				CLANG_WARN_CONSTANT_CONVERSION = YES;
				CLANG_WARN_DEPRECATED_OBJC_IMPLEMENTATIONS = YES;
				CLANG_WARN_DIRECT_OBJC_ISA_USAGE = YES_ERROR;
				CLANG_WARN_DOCUMENTATION_COMMENTS = YES;
				CLANG_WARN_EMPTY_BODY = YES;
				CLANG_WARN_ENUM_CONVERSION = YES;
				CLANG_WARN_INFINITE_RECURSION = YES;
				CLANG_WARN_INT_CONVERSION = YES;
				CLANG_WARN_NON_LITERAL_NULL_CONVERSION = YES;
				CLANG_WARN_OBJC_IMPLICIT_RETAIN_SELF = YES;
				CLANG_WARN_OBJC_LITERAL_CONVERSION = YES;
				CLANG_WARN_OBJC_ROOT_CLASS = YES_ERROR;
				CLANG_WARN_RANGE_LOOP_ANALYSIS = YES;
				CLANG_WARN_STRICT_PROTOTYPES = YES;
				CLANG_WARN_SUSPICIOUS_MOVE = YES;
				CLANG_WARN_UNGUARDED_AVAILABILITY = YES_AGGRESSIVE;
				CLANG_WARN_UNREACHABLE_CODE = YES;
				CLANG_WARN__DUPLICATE_METHOD_MATCH = YES;
				CODE_SIGN_IDENTITY = "iPhone Developer";
				COPY_PHASE_STRIP = NO;
				DEBUG_INFORMATION_FORMAT = "dwarf-with-dsym";
				ENABLE_NS_ASSERTIONS = NO;
				ENABLE_STRICT_OBJC_MSGSEND = YES;
				GCC_C_LANGUAGE_STANDARD = gnu11;
				GCC_NO_COMMON_BLOCKS = YES;
				GCC_WARN_64_TO_32_BIT_CONVERSION = YES;
				GCC_WARN_ABOUT_RETURN_TYPE = YES_ERROR;
				GCC_WARN_UNDECLARED_SELECTOR = YES;
				GCC_WARN_UNINITIALIZED_AUTOS = YES_AGGRESSIVE;
				GCC_WARN_UNUSED_FUNCTION = YES;
				GCC_WARN_UNUSED_VARIABLE = YES;
				IPHONEOS_DEPLOYMENT_TARGET = 12.2;
				MTL_ENABLE_DEBUG_INFO = NO;
				MTL_FAST_MATH = YES;
				SDKROOT = iphoneos;
				SWIFT_COMPILATION_MODE = wholemodule;
				SWIFT_OPTIMIZATION_LEVEL = "-O";
				VALIDATE_PRODUCT = YES;
			};
			name = Release;
		};
		71BF981522D1BD70006EC199 /* Debug */ = {
			isa = XCBuildConfiguration;
			buildSettings = {
				ASSETCATALOG_COMPILER_APPICON_NAME = AppIcon;
				CODE_SIGN_STYLE = Automatic;
				INFOPLIST_FILE = class002/Info.plist;
				LD_RUNPATH_SEARCH_PATHS = (
					"$(inherited)",
					"@executable_path/Frameworks",
				);
				PRODUCT_BUNDLE_IDENTIFIER = edu.njcit.class002;
				PRODUCT_NAME = "$(TARGET_NAME)";
				SWIFT_VERSION = 5.0;
				TARGETED_DEVICE_FAMILY = "1,2";
			};
			name = Debug;
		};
		71BF981622D1BD70006EC199 /* Release */ = {
			isa = XCBuildConfiguration;
			buildSettings = {
				ASSETCATALOG_COMPILER_APPICON_NAME = AppIcon;
				CODE_SIGN_STYLE = Automatic;
				INFOPLIST_FILE = class002/Info.plist;
				LD_RUNPATH_SEARCH_PATHS = (
					"$(inherited)",
					"@executable_path/Frameworks",
				);
				PRODUCT_BUNDLE_IDENTIFIER = edu.njcit.class002;
				PRODUCT_NAME = "$(TARGET_NAME)";
				SWIFT_VERSION = 5.0;
				TARGETED_DEVICE_FAMILY = "1,2";
			};
			name = Release;
		};
		71BF981822D1BD70006EC199 /* Debug */ = {
			isa = XCBuildConfiguration;
			buildSettings = {
				ALWAYS_EMBED_SWIFT_STANDARD_LIBRARIES = YES;
				BUNDLE_LOADER = "$(TEST_HOST)";
				CODE_SIGN_STYLE = Automatic;
				INFOPLIST_FILE = class002Tests/Info.plist;
				LD_RUNPATH_SEARCH_PATHS = (
					"$(inherited)",
					"@executable_path/Frameworks",
					"@loader_path/Frameworks",
				);
				PRODUCT_BUNDLE_IDENTIFIER = edu.njcit.class002Tests;
				PRODUCT_NAME = "$(TARGET_NAME)";
				SWIFT_VERSION = 5.0;
				TARGETED_DEVICE_FAMILY = "1,2";
				TEST_HOST = "$(BUILT_PRODUCTS_DIR)/class002.app/class002";
			};
			name = Debug;
		};
		71BF981922D1BD70006EC199 /* Release */ = {
			isa = XCBuildConfiguration;
			buildSettings = {
				ALWAYS_EMBED_SWIFT_STANDARD_LIBRARIES = YES;
				BUNDLE_LOADER = "$(TEST_HOST)";
				CODE_SIGN_STYLE = Automatic;
				INFOPLIST_FILE = class002Tests/Info.plist;
				LD_RUNPATH_SEARCH_PATHS = (
					"$(inherited)",
					"@executable_path/Frameworks",
					"@loader_path/Frameworks",
				);
				PRODUCT_BUNDLE_IDENTIFIER = edu.njcit.class002Tests;
				PRODUCT_NAME = "$(TARGET_NAME)";
				SWIFT_VERSION = 5.0;
				TARGETED_DEVICE_FAMILY = "1,2";
				TEST_HOST = "$(BUILT_PRODUCTS_DIR)/class002.app/class002";
			};
			name = Release;
		};
/* End XCBuildConfiguration section */

/* Begin XCConfigurationList section */
		71BF97F222D1BD6D006EC199 /* Build configuration list for PBXProject "class002" */ = {
			isa = XCConfigurationList;
			buildConfigurations = (
				71BF981222D1BD70006EC199 /* Debug */,
				71BF981322D1BD70006EC199 /* Release */,
			);
			defaultConfigurationIsVisible = 0;
			defaultConfigurationName = Release;
		};
		71BF981422D1BD70006EC199 /* Build configuration list for PBXNativeTarget "class002" */ = {
			isa = XCConfigurationList;
			buildConfigurations = (
				71BF981522D1BD70006EC199 /* Debug */,
				71BF981622D1BD70006EC199 /* Release */,
			);
			defaultConfigurationIsVisible = 0;
			defaultConfigurationName = Release;
		};
		71BF981722D1BD70006EC199 /* Build configuration list for PBXNativeTarget "class002Tests" */ = {
			isa = XCConfigurationList;
			buildConfigurations = (
				71BF981822D1BD70006EC199 /* Debug */,
				71BF981922D1BD70006EC199 /* Release */,
			);
			defaultConfigurationIsVisible = 0;
			defaultConfigurationName = Release;
		};
/* End XCConfigurationList section */
	};
	rootObject = 71BF97EF22D1BD6D006EC199 /* Project object */;
}
